
Microsoft Visual Studio Solution File, Format Version 12.00
# Visual Studio Version 17
VisualStudioVersion = 17.14.36121.58 d17.14
MinimumVisualStudioVersion = 10.0.40219.1
Project("{FAE04EC0-301F-11D3-BF4B-00C04F79EFBC}") = "Riego_Inteligente", "Riego_Inteligente.csproj", "{73C391A2-3F85-4CF2-B9F1-EC6574E2E8E4}"
EndProject
Global
	GlobalSection(SolutionConfigurationPlatforms) = preSolution
		Debug|Any CPU = Debug|Any CPU
		Release|Any CPU = Release|Any CPU
	EndGlobalSection
	GlobalSection(ProjectConfigurationPlatforms) = postSolution
		{73C391A2-3F85-4CF2-B9F1-EC6574E2E8E4}.Debug|Any CPU.ActiveCfg = Debug|Any CPU
		{73C391A2-3F85-4CF2-B9F1-EC6574E2E8E4}.Debug|Any CPU.Build.0 = Debug|Any CPU
		{73C391A2-3F85-4CF2-B9F1-EC6574E2E8E4}.Release|Any CPU.ActiveCfg = Release|Any CPU
		{73C391A2-3F85-4CF2-B9F1-EC6574E2E8E4}.Release|Any CPU.Build.0 = Release|Any CPU
	EndGlobalSection
	GlobalSection(SolutionProperties) = preSolution
		HideSolutionNode = FALSE
	EndGlobalSection
	GlobalSection(ExtensibilityGlobals) = postSolution
		SolutionGuid = {AC729D8C-FE11-4617-9CBB-A65117052E86}
	EndGlobalSection
EndGlobal
